
Microsoft Visual Studio Solution File, Format Version 12.00
# Visual Studio Version 17
VisualStudioVersion = 17.4.33213.308
MinimumVisualStudioVersion = 10.0.40219.1
Project("{FAE04EC0-301F-11D3-BF4B-00C04F79EFBC}") = "BaloiseApp", "BaloiseApp\BaloiseApp.csproj", "{071A8A57-8F2D-4DBD-83F6-18009BD2FB01}"
EndProject
Global
	GlobalSection(SolutionConfigurationPlatforms) = preSolution
		Debug|Any CPU = Debug|Any CPU
		Release|Any CPU = Release|Any CPU
	EndGlobalSection
	GlobalSection(ProjectConfigurationPlatforms) = postSolution
		{071A8A57-8F2D-4DBD-83F6-18009BD2FB01}.Debug|Any CPU.ActiveCfg = Debug|Any CPU
		{071A8A57-8F2D-4DBD-83F6-18009BD2FB01}.Debug|Any CPU.Build.0 = Debug|Any CPU
		{071A8A57-8F2D-4DBD-83F6-18009BD2FB01}.Release|Any CPU.ActiveCfg = Release|Any CPU
		{071A8A57-8F2D-4DBD-83F6-18009BD2FB01}.Release|Any CPU.Build.0 = Release|Any CPU
	EndGlobalSection
	GlobalSection(SolutionProperties) = preSolution
		HideSolutionNode = FALSE
	EndGlobalSection
	GlobalSection(ExtensibilityGlobals) = postSolution
		SolutionGuid = {4B7C177F-81CF-469D-9F13-94D9B5A687FE}
	EndGlobalSection
EndGlobal
